
Microsoft Visual Studio Solution File, Format Version 12.00
# Visual Studio 15
VisualStudioVersion = 15.0.28307.960
MinimumVisualStudioVersion = 10.0.40219.1
Project("{FAE04EC0-301F-11D3-BF4B-00C04F79EFBC}") = "SortingAlgorithms", "SortingAlgorithms\SortingAlgorithms.csproj", "{11A2F590-5FEE-41CA-86A6-82638BBDE5DC}"
EndProject
Global
	GlobalSection(SolutionConfigurationPlatforms) = preSolution
		Debug|Any CPU = Debug|Any CPU
		Release|Any CPU = Release|Any CPU
	EndGlobalSection
	GlobalSection(ProjectConfigurationPlatforms) = postSolution
		{11A2F590-5FEE-41CA-86A6-82638BBDE5DC}.Debug|Any CPU.ActiveCfg = Debug|Any CPU
		{11A2F590-5FEE-41CA-86A6-82638BBDE5DC}.Debug|Any CPU.Build.0 = Debug|Any CPU
		{11A2F590-5FEE-41CA-86A6-82638BBDE5DC}.Release|Any CPU.ActiveCfg = Release|Any CPU
		{11A2F590-5FEE-41CA-86A6-82638BBDE5DC}.Release|Any CPU.Build.0 = Release|Any CPU
	EndGlobalSection
	GlobalSection(SolutionProperties) = preSolution
		HideSolutionNode = FALSE
	EndGlobalSection
	GlobalSection(ExtensibilityGlobals) = postSolution
		SolutionGuid = {5DEEDD5F-7EDA-4770-9A03-0FE16269D6C9}
	EndGlobalSection
EndGlobal
